
Microsoft Visual Studio Solution File, Format Version 12.00
# Visual Studio Version 17
VisualStudioVersion = 17.13.35818.85 d17.13
MinimumVisualStudioVersion = 10.0.40219.1
Project("{FAE04EC0-301F-11D3-BF4B-00C04F79EFBC}") = "Extensions", "Extensions.csproj", "{C6C47B6B-C840-4D32-AA61-4B6DF5394FF2}"
EndProject
Global
	GlobalSection(SolutionConfigurationPlatforms) = preSolution
		Debug|Any CPU = Debug|Any CPU
		Release|Any CPU = Release|Any CPU
	EndGlobalSection
	GlobalSection(ProjectConfigurationPlatforms) = postSolution
		{C6C47B6B-C840-4D32-AA61-4B6DF5394FF2}.Debug|Any CPU.ActiveCfg = Debug|Any CPU
		{C6C47B6B-C840-4D32-AA61-4B6DF5394FF2}.Debug|Any CPU.Build.0 = Debug|Any CPU
		{C6C47B6B-C840-4D32-AA61-4B6DF5394FF2}.Release|Any CPU.ActiveCfg = Release|Any CPU
		{C6C47B6B-C840-4D32-AA61-4B6DF5394FF2}.Release|Any CPU.Build.0 = Release|Any CPU
	EndGlobalSection
	GlobalSection(SolutionProperties) = preSolution
		HideSolutionNode = FALSE
	EndGlobalSection
	GlobalSection(ExtensibilityGlobals) = postSolution
		SolutionGuid = {627D792C-C094-4A80-BF23-251283755AFE}
	EndGlobalSection
EndGlobal
